
Microsoft Visual Studio Solution File, Format Version 12.00
# Visual Studio Version 17
VisualStudioVersion = 17.4.33213.308
MinimumVisualStudioVersion = 10.0.40219.1
Project("{FAE04EC0-301F-11D3-BF4B-00C04F79EFBC}") = "UnitTestDemo", "UnitTestDemo\UnitTestDemo.csproj", "{A48B60EA-E8E5-4C21-8414-AEB86CC5C59A}"
EndProject
Global
	GlobalSection(SolutionConfigurationPlatforms) = preSolution
		Debug|Any CPU = Debug|Any CPU
		Release|Any CPU = Release|Any CPU
	EndGlobalSection
	GlobalSection(ProjectConfigurationPlatforms) = postSolution
		{A48B60EA-E8E5-4C21-8414-AEB86CC5C59A}.Debug|Any CPU.ActiveCfg = Debug|Any CPU
		{A48B60EA-E8E5-4C21-8414-AEB86CC5C59A}.Debug|Any CPU.Build.0 = Debug|Any CPU
		{A48B60EA-E8E5-4C21-8414-AEB86CC5C59A}.Release|Any CPU.ActiveCfg = Release|Any CPU
		{A48B60EA-E8E5-4C21-8414-AEB86CC5C59A}.Release|Any CPU.Build.0 = Release|Any CPU
	EndGlobalSection
	GlobalSection(SolutionProperties) = preSolution
		HideSolutionNode = FALSE
	EndGlobalSection
	GlobalSection(ExtensibilityGlobals) = postSolution
		SolutionGuid = {D7DD2817-3AD7-481D-AD44-8E213A947225}
	EndGlobalSection
EndGlobal
